
Microsoft Visual Studio Solution File, Format Version 12.00
# Visual Studio Version 16
VisualStudioVersion = 16.0.32630.194
MinimumVisualStudioVersion = 10.0.40219.1
Project("{FAE04EC0-301F-11D3-BF4B-00C04F79EFBC}") = "EmployeeService", "EmployeeService\EmployeeService.csproj", "{75EDBCAC-FC64-4881-9605-13B234B72A26}"
EndProject
Global
	GlobalSection(SolutionConfigurationPlatforms) = preSolution
		Debug|Any CPU = Debug|Any CPU
		Release|Any CPU = Release|Any CPU
	EndGlobalSection
	GlobalSection(ProjectConfigurationPlatforms) = postSolution
		{75EDBCAC-FC64-4881-9605-13B234B72A26}.Debug|Any CPU.ActiveCfg = Debug|Any CPU
		{75EDBCAC-FC64-4881-9605-13B234B72A26}.Debug|Any CPU.Build.0 = Debug|Any CPU
		{75EDBCAC-FC64-4881-9605-13B234B72A26}.Release|Any CPU.ActiveCfg = Release|Any CPU
		{75EDBCAC-FC64-4881-9605-13B234B72A26}.Release|Any CPU.Build.0 = Release|Any CPU
	EndGlobalSection
	GlobalSection(SolutionProperties) = preSolution
		HideSolutionNode = FALSE
	EndGlobalSection
	GlobalSection(ExtensibilityGlobals) = postSolution
		SolutionGuid = {2A1C9CBB-5CA4-467A-828D-279669B22561}
	EndGlobalSection
EndGlobal
